
Microsoft Visual Studio Solution File, Format Version 12.00
# Visual Studio 15
VisualStudioVersion = 15.0.28010.2016
MinimumVisualStudioVersion = 10.0.40219.1
Project("{FAE04EC0-301F-11D3-BF4B-00C04F79EFBC}") = "ObligatoriskOpgave5", "ObligatoriskOpgave5\ObligatoriskOpgave5.csproj", "{B928C28C-B3EB-41E4-8D5C-93C8BE7C9EB8}"
EndProject
Global
	GlobalSection(SolutionConfigurationPlatforms) = preSolution
		Debug|Any CPU = Debug|Any CPU
		Release|Any CPU = Release|Any CPU
	EndGlobalSection
	GlobalSection(ProjectConfigurationPlatforms) = postSolution
		{B928C28C-B3EB-41E4-8D5C-93C8BE7C9EB8}.Debug|Any CPU.ActiveCfg = Debug|Any CPU
		{B928C28C-B3EB-41E4-8D5C-93C8BE7C9EB8}.Debug|Any CPU.Build.0 = Debug|Any CPU
		{B928C28C-B3EB-41E4-8D5C-93C8BE7C9EB8}.Release|Any CPU.ActiveCfg = Release|Any CPU
		{B928C28C-B3EB-41E4-8D5C-93C8BE7C9EB8}.Release|Any CPU.Build.0 = Release|Any CPU
	EndGlobalSection
	GlobalSection(SolutionProperties) = preSolution
		HideSolutionNode = FALSE
	EndGlobalSection
	GlobalSection(ExtensibilityGlobals) = postSolution
		SolutionGuid = {6CE905BD-2310-4034-97FA-9E43B2F6C5D7}
	EndGlobalSection
EndGlobal
